
Microsoft Visual Studio Solution File, Format Version 12.00
# Visual Studio 15
VisualStudioVersion = 15.0.28307.757
MinimumVisualStudioVersion = 10.0.40219.1
Project("{FAE04EC0-301F-11D3-BF4B-00C04F79EFBC}") = "MVCStickSession", "MVCStickSession\MVCStickSession.csproj", "{09DC68E8-5B8E-4D61-981F-225B407B1529}"
EndProject
Project("{E53339B2-1760-4266-BCC7-CA923CBCF16C}") = "docker-compose", "docker-compose.dcproj", "{F39EDC4B-DDC3-4514-B80A-6D09BEB035B3}"
EndProject
Project("{2150E333-8FDC-42A3-9474-1A3956D46DE8}") = "Readme", "Readme", "{9B6FE52B-094F-4539-8AE3-7967F62384D2}"
	ProjectSection(SolutionItems) = preProject
		Readme.md = Readme.md
		scripts.txt = scripts.txt
	EndProjectSection
EndProject
Global
	GlobalSection(SolutionConfigurationPlatforms) = preSolution
		Debug|Any CPU = Debug|Any CPU
		Release|Any CPU = Release|Any CPU
	EndGlobalSection
	GlobalSection(ProjectConfigurationPlatforms) = postSolution
		{09DC68E8-5B8E-4D61-981F-225B407B1529}.Debug|Any CPU.ActiveCfg = Debug|Any CPU
		{09DC68E8-5B8E-4D61-981F-225B407B1529}.Debug|Any CPU.Build.0 = Debug|Any CPU
		{09DC68E8-5B8E-4D61-981F-225B407B1529}.Release|Any CPU.ActiveCfg = Release|Any CPU
		{09DC68E8-5B8E-4D61-981F-225B407B1529}.Release|Any CPU.Build.0 = Release|Any CPU
		{F39EDC4B-DDC3-4514-B80A-6D09BEB035B3}.Debug|Any CPU.ActiveCfg = Debug|Any CPU
		{F39EDC4B-DDC3-4514-B80A-6D09BEB035B3}.Debug|Any CPU.Build.0 = Debug|Any CPU
		{F39EDC4B-DDC3-4514-B80A-6D09BEB035B3}.Release|Any CPU.ActiveCfg = Release|Any CPU
		{F39EDC4B-DDC3-4514-B80A-6D09BEB035B3}.Release|Any CPU.Build.0 = Release|Any CPU
	EndGlobalSection
	GlobalSection(SolutionProperties) = preSolution
		HideSolutionNode = FALSE
	EndGlobalSection
	GlobalSection(ExtensibilityGlobals) = postSolution
		SolutionGuid = {BE21A2FE-6F82-4092-80FE-6879346635DB}
	EndGlobalSection
EndGlobal
